
Microsoft Visual Studio Solution File, Format Version 12.00
Project("{FAE04EC0-301F-11D3-BF4B-00C04F79EFBC}") = "CustomAttributesEditorGenerator", "CustomAttributesEditorGenerator.csproj", "{E88924FE-38AA-4237-97DE-CDC332C0021F}"
EndProject
Project("{FAE04EC0-301F-11D3-BF4B-00C04F79EFBC}") = "CustomAttributesEditorGenerator.Tests", "..\CustomAttributesEditorGenerator.Tests\CustomAttributesEditorGenerator.Tests\CustomAttributesEditorGenerator.Tests.csproj", "{967D4759-F131-4196-8D7C-FE3B74583E30}"
EndProject
Global
	GlobalSection(SolutionConfigurationPlatforms) = preSolution
		Debug|Any CPU = Debug|Any CPU
		Release|Any CPU = Release|Any CPU
	EndGlobalSection
	GlobalSection(ProjectConfigurationPlatforms) = postSolution
		{E88924FE-38AA-4237-97DE-CDC332C0021F}.Debug|Any CPU.ActiveCfg = Debug|Any CPU
		{E88924FE-38AA-4237-97DE-CDC332C0021F}.Debug|Any CPU.Build.0 = Debug|Any CPU
		{E88924FE-38AA-4237-97DE-CDC332C0021F}.Release|Any CPU.ActiveCfg = Release|Any CPU
		{E88924FE-38AA-4237-97DE-CDC332C0021F}.Release|Any CPU.Build.0 = Release|Any CPU
		{E88924FE-38AA-4237-97DE-CDC332C0021F}.Release|Any CPU.Deploy.0 = Release|Any CPU
		{E88924FE-38AA-4237-97DE-CDC332C0021F}.Debug|Any CPU.Deploy.0 = Debug|Any CPU
		{967D4759-F131-4196-8D7C-FE3B74583E30}.Debug|Any CPU.ActiveCfg = Debug|Any CPU
		{967D4759-F131-4196-8D7C-FE3B74583E30}.Release|Any CPU.ActiveCfg = Release|Any CPU
	EndGlobalSection
	GlobalSection(NestedProjects) = preSolution
	EndGlobalSection
EndGlobal
